
Microsoft Visual Studio Solution File, Format Version 12.00
# Visual Studio Version 16
VisualStudioVersion = 16.0.30621.155
MinimumVisualStudioVersion = 10.0.40219.1
Project("{FAE04EC0-301F-11D3-BF4B-00C04F79EFBC}") = "OOP-DZ3", "OOP-DZ3\OOP-DZ3.csproj", "{E7F124B5-7003-4700-A03E-182F2C778EF3}"
EndProject
Project("{FAE04EC0-301F-11D3-BF4B-00C04F79EFBC}") = "DZ3", "DZ3\DZ3.csproj", "{150B032A-2615-4113-AF21-9A60DDF6BB0C}"
EndProject
Global
	GlobalSection(SolutionConfigurationPlatforms) = preSolution
		Debug|Any CPU = Debug|Any CPU
		Release|Any CPU = Release|Any CPU
	EndGlobalSection
	GlobalSection(ProjectConfigurationPlatforms) = postSolution
		{E7F124B5-7003-4700-A03E-182F2C778EF3}.Debug|Any CPU.ActiveCfg = Debug|Any CPU
		{E7F124B5-7003-4700-A03E-182F2C778EF3}.Debug|Any CPU.Build.0 = Debug|Any CPU
		{E7F124B5-7003-4700-A03E-182F2C778EF3}.Release|Any CPU.ActiveCfg = Release|Any CPU
		{E7F124B5-7003-4700-A03E-182F2C778EF3}.Release|Any CPU.Build.0 = Release|Any CPU
		{150B032A-2615-4113-AF21-9A60DDF6BB0C}.Debug|Any CPU.ActiveCfg = Debug|Any CPU
		{150B032A-2615-4113-AF21-9A60DDF6BB0C}.Debug|Any CPU.Build.0 = Debug|Any CPU
		{150B032A-2615-4113-AF21-9A60DDF6BB0C}.Release|Any CPU.ActiveCfg = Release|Any CPU
		{150B032A-2615-4113-AF21-9A60DDF6BB0C}.Release|Any CPU.Build.0 = Release|Any CPU
	EndGlobalSection
	GlobalSection(SolutionProperties) = preSolution
		HideSolutionNode = FALSE
	EndGlobalSection
	GlobalSection(ExtensibilityGlobals) = postSolution
		SolutionGuid = {A5A3C0C5-D191-426F-9022-86376578594D}
	EndGlobalSection
EndGlobal
